
Microsoft Visual Studio Solution File, Format Version 12.00
# Visual Studio Version 17
VisualStudioVersion = 17.7.34003.232
MinimumVisualStudioVersion = 10.0.40219.1
Project("{FAE04EC0-301F-11D3-BF4B-00C04F79EFBC}") = "CGv5_App", "CGv5_App.csproj", "{8BBACC03-8D32-4003-86EA-9C9EAFC116E2}"
EndProject
Global
	GlobalSection(SolutionConfigurationPlatforms) = preSolution
		Debug|Any CPU = Debug|Any CPU
		Release|Any CPU = Release|Any CPU
	EndGlobalSection
	GlobalSection(ProjectConfigurationPlatforms) = postSolution
		{8BBACC03-8D32-4003-86EA-9C9EAFC116E2}.Debug|Any CPU.ActiveCfg = Debug|Any CPU
		{8BBACC03-8D32-4003-86EA-9C9EAFC116E2}.Debug|Any CPU.Build.0 = Debug|Any CPU
		{8BBACC03-8D32-4003-86EA-9C9EAFC116E2}.Release|Any CPU.ActiveCfg = Release|Any CPU
		{8BBACC03-8D32-4003-86EA-9C9EAFC116E2}.Release|Any CPU.Build.0 = Release|Any CPU
	EndGlobalSection
	GlobalSection(SolutionProperties) = preSolution
		HideSolutionNode = FALSE
	EndGlobalSection
	GlobalSection(ExtensibilityGlobals) = postSolution
		SolutionGuid = {AA61702C-1B6C-4D09-B1A3-29CCA0E308A0}
	EndGlobalSection
EndGlobal
